# This file is generated by running "yarn install" inside your project.
# Manual changes might be lost, proceed with caution.

__metadata:
  version: 10
  cacheKey: 10

"@babel/core@npm:^7.24.0":
  version: 7.24.0
  resolution: "@babel/core@npm:7.24.0"
  dependencies:
    "@babel/parser": "npm:^7.24.0"
  checksum: 10/aaaaaaaa
  languageName: node
  linkType: hard

"chalk@npm:^5.3.1":
  version: 5.3.1
  resolution: "chalk@npm:5.3.1"
  checksum: 10/bbbbbbbb
  languageName: node
  linkType: hard

"fixture-app@workspace:.":
  version: 0.0.0-use.local
  resolution: "fixture-app@workspace:."
  dependencies:
    "@babel/core": "npm:^7.24.0"
    chalk: "npm:^5.3.1"
  languageName: unknown
  linkType: soft

"fsevents@patch:fsevents@npm%3A2.3.2#optional!builtin<compat/fsevents>":
  version: 2.3.2
  resolution: "fsevents@patch:fsevents@npm%3A2.3.2#optional!builtin<compat/fsevents>::version=2.3.2&hash=df0bf1"
  dependenciesMeta:
    fsevents:
      built: false
  conditions: os=darwin
  languageName: node
  linkType: hard
